
Microsoft Visual Studio Solution File, Format Version 12.00
# Visual Studio Version 16
VisualStudioVersion = 16.0.29230.47
MinimumVisualStudioVersion = 10.0.40219.1
Project("{FAE04EC0-301F-11D3-BF4B-00C04F79EFBC}") = "OdeToFood", "OdeToFood\OdeToFood.csproj", "{FB09BA5B-E30B-44ED-8844-B97CE32672C9}"
EndProject
Project("{FAE04EC0-301F-11D3-BF4B-00C04F79EFBC}") = "OdeToFood.Core", "OdeToFood.Core\OdeToFood.Core.csproj", "{36BD0E0F-7082-4342-861E-679E26C0EE2D}"
EndProject
Project("{FAE04EC0-301F-11D3-BF4B-00C04F79EFBC}") = "OdeToFood.Data", "OdeToFood.Data\OdeToFood.Data.csproj", "{4BA3842C-9924-43EC-9B82-867685775A6A}"
EndProject
Global
	GlobalSection(SolutionConfigurationPlatforms) = preSolution
		Debug|Any CPU = Debug|Any CPU
		Release|Any CPU = Release|Any CPU
	EndGlobalSection
	GlobalSection(ProjectConfigurationPlatforms) = postSolution
		{FB09BA5B-E30B-44ED-8844-B97CE32672C9}.Debug|Any CPU.ActiveCfg = Debug|Any CPU
		{FB09BA5B-E30B-44ED-8844-B97CE32672C9}.Debug|Any CPU.Build.0 = Debug|Any CPU
		{FB09BA5B-E30B-44ED-8844-B97CE32672C9}.Release|Any CPU.ActiveCfg = Release|Any CPU
		{FB09BA5B-E30B-44ED-8844-B97CE32672C9}.Release|Any CPU.Build.0 = Release|Any CPU
		{36BD0E0F-7082-4342-861E-679E26C0EE2D}.Debug|Any CPU.ActiveCfg = Debug|Any CPU
		{36BD0E0F-7082-4342-861E-679E26C0EE2D}.Debug|Any CPU.Build.0 = Debug|Any CPU
		{36BD0E0F-7082-4342-861E-679E26C0EE2D}.Release|Any CPU.ActiveCfg = Release|Any CPU
		{36BD0E0F-7082-4342-861E-679E26C0EE2D}.Release|Any CPU.Build.0 = Release|Any CPU
		{4BA3842C-9924-43EC-9B82-867685775A6A}.Debug|Any CPU.ActiveCfg = Debug|Any CPU
		{4BA3842C-9924-43EC-9B82-867685775A6A}.Debug|Any CPU.Build.0 = Debug|Any CPU
		{4BA3842C-9924-43EC-9B82-867685775A6A}.Release|Any CPU.ActiveCfg = Release|Any CPU
		{4BA3842C-9924-43EC-9B82-867685775A6A}.Release|Any CPU.Build.0 = Release|Any CPU
	EndGlobalSection
	GlobalSection(SolutionProperties) = preSolution
		HideSolutionNode = FALSE
	EndGlobalSection
	GlobalSection(ExtensibilityGlobals) = postSolution
		SolutionGuid = {72A7115D-3632-4F97-AA17-C3AF9D52EA97}
	EndGlobalSection
EndGlobal
